{
  "name": "p6",
  "version": "1.0.0",
  "lockfileVersion": 1,
  "requires": true,
  "dependencies": {
    "parvus": {
      "version": "1.4.0",
      "resolved": "https://registry.npmjs.org/parvus/-/parvus-1.4.0.tgz",
      "integrity": "sha512-98XIng4M0mVhJ4GLDEdojSc2c7LM8yejowH/yGKdNf/t40tKJSNZdNyCxRq1X9FK8jyV0bZ6C6VsxP+O87XAHA=="
    }
  }
}
